
Microsoft Visual Studio Solution File, Format Version 12.00
# Visual Studio Version 17
VisualStudioVersion = 17.5.002.0
MinimumVisualStudioVersion = 10.0.40219.1
Project("{9A19103F-16F7-4668-BE54-9A1E7A4F7556}") = "TuljaBhavani_Theertham", "TuljaBhavani_Theertham\TuljaBhavani_Theertham.csproj", "{04E6E257-3224-49F0-B801-099E2DFA7F6C}"
EndProject
Global
	GlobalSection(SolutionConfigurationPlatforms) = preSolution
		Debug|Any CPU = Debug|Any CPU
		Release|Any CPU = Release|Any CPU
	EndGlobalSection
	GlobalSection(ProjectConfigurationPlatforms) = postSolution
		{04E6E257-3224-49F0-B801-099E2DFA7F6C}.Debug|Any CPU.ActiveCfg = Debug|Any CPU
		{04E6E257-3224-49F0-B801-099E2DFA7F6C}.Debug|Any CPU.Build.0 = Debug|Any CPU
		{04E6E257-3224-49F0-B801-099E2DFA7F6C}.Release|Any CPU.ActiveCfg = Release|Any CPU
		{04E6E257-3224-49F0-B801-099E2DFA7F6C}.Release|Any CPU.Build.0 = Release|Any CPU
	EndGlobalSection
	GlobalSection(SolutionProperties) = preSolution
		HideSolutionNode = FALSE
	EndGlobalSection
	GlobalSection(ExtensibilityGlobals) = postSolution
		SolutionGuid = {807772AC-E82F-4656-9B10-E10E8681D3DC}
	EndGlobalSection
EndGlobal
